// !$*UTF8*$!
{
	archiveVersion = 1;
	classes = {
	};
	objectVersion = 50;
	objects = {

/* Begin PBXBuildFile section */
		3C217A9C226E8D8D00F5425B /* CursoCompletadaViewController.swift in Sources */ = {isa = PBXBuildFile; fileRef = 3C217A9B226E8D8D00F5425B /* CursoCompletadaViewController.swift */; };
		3C5EC643226555CA0058FE19 /* AppDelegate.swift in Sources */ = {isa = PBXBuildFile; fileRef = 3C5EC642226555CA0058FE19 /* AppDelegate.swift */; };
		3C5EC645226555CA0058FE19 /* ViewController.swift in Sources */ = {isa = PBXBuildFile; fileRef = 3C5EC644226555CA0058FE19 /* ViewController.swift */; };
		3C5EC648226555CA0058FE19 /* Main.storyboard in Resources */ = {isa = PBXBuildFile; fileRef = 3C5EC646226555CA0058FE19 /* Main.storyboard */; };
		3C5EC64B226555CA0058FE19 /* Tarea_Angoma.xcdatamodeld in Sources */ = {isa = PBXBuildFile; fileRef = 3C5EC649226555CA0058FE19 /* Tarea_Angoma.xcdatamodeld */; };
		3C5EC64D226555CC0058FE19 /* Assets.xcassets in Resources */ = {isa = PBXBuildFile; fileRef = 3C5EC64C226555CC0058FE19 /* Assets.xcassets */; };
		3C5EC650226555CC0058FE19 /* LaunchScreen.storyboard in Resources */ = {isa = PBXBuildFile; fileRef = 3C5EC64E226555CC0058FE19 /* LaunchScreen.storyboard */; };
		3C5EC65B226555CC0058FE19 /* Tarea_AngomaTests.swift in Sources */ = {isa = PBXBuildFile; fileRef = 3C5EC65A226555CC0058FE19 /* Tarea_AngomaTests.swift */; };
		3C5EC666226555CC0058FE19 /* Tarea_AngomaUITests.swift in Sources */ = {isa = PBXBuildFile; fileRef = 3C5EC665226555CC0058FE19 /* Tarea_AngomaUITests.swift */; };
		3CC864642267880E002E9953 /* CrearCursoViewController.swift in Sources */ = {isa = PBXBuildFile; fileRef = 3CC864632267880E002E9953 /* CrearCursoViewController.swift */; };
/* End PBXBuildFile section */

/* Begin PBXContainerItemProxy section */
		3C5EC657226555CC0058FE19 /* PBXContainerItemProxy */ = {
			isa = PBXContainerItemProxy;
			containerPortal = 3C5EC637226555CA0058FE19 /* Project object */;
			proxyType = 1;
			remoteGlobalIDString = 3C5EC63E226555CA0058FE19;
			remoteInfo = Tarea_Angoma;
		};
		3C5EC662226555CC0058FE19 /* PBXContainerItemProxy */ = {
			isa = PBXContainerItemProxy;
			containerPortal = 3C5EC637226555CA0058FE19 /* Project object */;
			proxyType = 1;
			remoteGlobalIDString = 3C5EC63E226555CA0058FE19;
			remoteInfo = Tarea_Angoma;
		};
/* End PBXContainerItemProxy section */

/* Begin PBXFileReference section */
		3C217A9B226E8D8D00F5425B /* CursoCompletadaViewController.swift */ = {isa = PBXFileReference; lastKnownFileType = sourcecode.swift; path = CursoCompletadaViewController.swift; sourceTree = "<group>"; };
		3C5EC63F226555CA0058FE19 /* Tarea_Angoma.app */ = {isa = PBXFileReference; explicitFileType = wrapper.application; includeInIndex = 0; path = Tarea_Angoma.app; sourceTree = BUILT_PRODUCTS_DIR; };
		3C5EC642226555CA0058FE19 /* AppDelegate.swift */ = {isa = PBXFileReference; lastKnownFileType = sourcecode.swift; path = AppDelegate.swift; sourceTree = "<group>"; };
		3C5EC644226555CA0058FE19 /* ViewController.swift */ = {isa = PBXFileReference; lastKnownFileType = sourcecode.swift; path = ViewController.swift; sourceTree = "<group>"; };
		3C5EC647226555CA0058FE19 /* Base */ = {isa = PBXFileReference; lastKnownFileType = file.storyboard; name = Base; path = Base.lproj/Main.storyboard; sourceTree = "<group>"; };
		3C5EC64A226555CA0058FE19 /* Tarea_Angoma.xcdatamodel */ = {isa = PBXFileReference; lastKnownFileType = wrapper.xcdatamodel; path = Tarea_Angoma.xcdatamodel; sourceTree = "<group>"; };
		3C5EC64C226555CC0058FE19 /* Assets.xcassets */ = {isa = PBXFileReference; lastKnownFileType = folder.assetcatalog; path = Assets.xcassets; sourceTree = "<group>"; };
		3C5EC64F226555CC0058FE19 /* Base */ = {isa = PBXFileReference; lastKnownFileType = file.storyboard; name = Base; path = Base.lproj/LaunchScreen.storyboard; sourceTree = "<group>"; };
		3C5EC651226555CC0058FE19 /* Info.plist */ = {isa = PBXFileReference; lastKnownFileType = text.plist.xml; path = Info.plist; sourceTree = "<group>"; };
		3C5EC656226555CC0058FE19 /* Tarea_AngomaTests.xctest */ = {isa = PBXFileReference; explicitFileType = wrapper.cfbundle; includeInIndex = 0; path = Tarea_AngomaTests.xctest; sourceTree = BUILT_PRODUCTS_DIR; };
		3C5EC65A226555CC0058FE19 /* Tarea_AngomaTests.swift */ = {isa = PBXFileReference; lastKnownFileType = sourcecode.swift; path = Tarea_AngomaTests.swift; sourceTree = "<group>"; };
		3C5EC65C226555CC0058FE19 /* Info.plist */ = {isa = PBXFileReference; lastKnownFileType = text.plist.xml; path = Info.plist; sourceTree = "<group>"; };
		3C5EC661226555CC0058FE19 /* Tarea_AngomaUITests.xctest */ = {isa = PBXFileReference; explicitFileType = wrapper.cfbundle; includeInIndex = 0; path = Tarea_AngomaUITests.xctest; sourceTree = BUILT_PRODUCTS_DIR; };
		3C5EC665226555CC0058FE19 /* Tarea_AngomaUITests.swift */ = {isa = PBXFileReference; lastKnownFileType = sourcecode.swift; path = Tarea_AngomaUITests.swift; sourceTree = "<group>"; };
		3C5EC667226555CC0058FE19 /* Info.plist */ = {isa = PBXFileReference; lastKnownFileType = text.plist.xml; path = Info.plist; sourceTree = "<group>"; };
		3CC864632267880E002E9953 /* CrearCursoViewController.swift */ = {isa = PBXFileReference; lastKnownFileType = sourcecode.swift; path = CrearCursoViewController.swift; sourceTree = "<group>"; };
/* End PBXFileReference section */

/* Begin PBXFrameworksBuildPhase section */
		3C5EC63C226555CA0058FE19 /* Frameworks */ = {
			isa = PBXFrameworksBuildPhase;
			buildActionMask = 2147483647;
			files = (
			);
			runOnlyForDeploymentPostprocessing = 0;
		};
		3C5EC653226555CC0058FE19 /* Frameworks */ = {
			isa = PBXFrameworksBuildPhase;
			buildActionMask = 2147483647;
			files = (
			);
			runOnlyForDeploymentPostprocessing = 0;
		};
		3C5EC65E226555CC0058FE19 /* Frameworks */ = {
			isa = PBXFrameworksBuildPhase;
			buildActionMask = 2147483647;
			files = (
			);
			runOnlyForDeploymentPostprocessing = 0;
		};
/* End PBXFrameworksBuildPhase section */

/* Begin PBXGroup section */
		3C5EC636226555CA0058FE19 = {
			isa = PBXGroup;
			children = (
				3C5EC641226555CA0058FE19 /* Tarea_Angoma */,
				3C5EC659226555CC0058FE19 /* Tarea_AngomaTests */,
				3C5EC664226555CC0058FE19 /* Tarea_AngomaUITests */,
				3C5EC640226555CA0058FE19 /* Products */,
			);
			sourceTree = "<group>";
		};
		3C5EC640226555CA0058FE19 /* Products */ = {
			isa = PBXGroup;
			children = (
				3C5EC63F226555CA0058FE19 /* Tarea_Angoma.app */,
				3C5EC656226555CC0058FE19 /* Tarea_AngomaTests.xctest */,
				3C5EC661226555CC0058FE19 /* Tarea_AngomaUITests.xctest */,
			);
			name = Products;
			sourceTree = "<group>";
		};
		3C5EC641226555CA0058FE19 /* Tarea_Angoma */ = {
			isa = PBXGroup;
			children = (
				3C5EC642226555CA0058FE19 /* AppDelegate.swift */,
				3C5EC644226555CA0058FE19 /* ViewController.swift */,
				3CC864632267880E002E9953 /* CrearCursoViewController.swift */,
				3C5EC646226555CA0058FE19 /* Main.storyboard */,
				3C5EC64C226555CC0058FE19 /* Assets.xcassets */,
				3C5EC64E226555CC0058FE19 /* LaunchScreen.storyboard */,
				3C5EC651226555CC0058FE19 /* Info.plist */,
				3C5EC649226555CA0058FE19 /* Tarea_Angoma.xcdatamodeld */,
				3C217A9B226E8D8D00F5425B /* CursoCompletadaViewController.swift */,
			);
			path = Tarea_Angoma;
			sourceTree = "<group>";
		};
		3C5EC659226555CC0058FE19 /* Tarea_AngomaTests */ = {
			isa = PBXGroup;
			children = (
				3C5EC65A226555CC0058FE19 /* Tarea_AngomaTests.swift */,
				3C5EC65C226555CC0058FE19 /* Info.plist */,
			);
			path = Tarea_AngomaTests;
			sourceTree = "<group>";
		};
		3C5EC664226555CC0058FE19 /* Tarea_AngomaUITests */ = {
			isa = PBXGroup;
			children = (
				3C5EC665226555CC0058FE19 /* Tarea_AngomaUITests.swift */,
				3C5EC667226555CC0058FE19 /* Info.plist */,
			);
			path = Tarea_AngomaUITests;
			sourceTree = "<group>";
		};
/* End PBXGroup section */

/* Begin PBXNativeTarget section */
		3C5EC63E226555CA0058FE19 /* Tarea_Angoma */ = {
			isa = PBXNativeTarget;
			buildConfigurationList = 3C5EC66A226555CC0058FE19 /* Build configuration list for PBXNativeTarget "Tarea_Angoma" */;
			buildPhases = (
				3C5EC63B226555CA0058FE19 /* Sources */,
				3C5EC63C226555CA0058FE19 /* Frameworks */,
				3C5EC63D226555CA0058FE19 /* Resources */,
			);
			buildRules = (
			);
			dependencies = (
			);
			name = Tarea_Angoma;
			productName = Tarea_Angoma;
			productReference = 3C5EC63F226555CA0058FE19 /* Tarea_Angoma.app */;
			productType = "com.apple.product-type.application";
		};
		3C5EC655226555CC0058FE19 /* Tarea_AngomaTests */ = {
			isa = PBXNativeTarget;
			buildConfigurationList = 3C5EC66D226555CC0058FE19 /* Build configuration list for PBXNativeTarget "Tarea_AngomaTests" */;
			buildPhases = (
				3C5EC652226555CC0058FE19 /* Sources */,
				3C5EC653226555CC0058FE19 /* Frameworks */,
				3C5EC654226555CC0058FE19 /* Resources */,
			);
			buildRules = (
			);
			dependencies = (
				3C5EC658226555CC0058FE19 /* PBXTargetDependency */,
			);
			name = Tarea_AngomaTests;
			productName = Tarea_AngomaTests;
			productReference = 3C5EC656226555CC0058FE19 /* Tarea_AngomaTests.xctest */;
			productType = "com.apple.product-type.bundle.unit-test";
		};
		3C5EC660226555CC0058FE19 /* Tarea_AngomaUITests */ = {
			isa = PBXNativeTarget;
			buildConfigurationList = 3C5EC670226555CC0058FE19 /* Build configuration list for PBXNativeTarget "Tarea_AngomaUITests" */;
			buildPhases = (
				3C5EC65D226555CC0058FE19 /* Sources */,
				3C5EC65E226555CC0058FE19 /* Frameworks */,
				3C5EC65F226555CC0058FE19 /* Resources */,
			);
			buildRules = (
			);
			dependencies = (
				3C5EC663226555CC0058FE19 /* PBXTargetDependency */,
			);
			name = Tarea_AngomaUITests;
			productName = Tarea_AngomaUITests;
			productReference = 3C5EC661226555CC0058FE19 /* Tarea_AngomaUITests.xctest */;
			productType = "com.apple.product-type.bundle.ui-testing";
		};
/* End PBXNativeTarget section */

/* Begin PBXProject section */
		3C5EC637226555CA0058FE19 /* Project object */ = {
			isa = PBXProject;
			attributes = {
				LastSwiftUpdateCheck = 1000;
				LastUpgradeCheck = 1000;
				ORGANIZATIONNAME = angomaVilchez;
				TargetAttributes = {
					3C5EC63E226555CA0058FE19 = {
						CreatedOnToolsVersion = 10.0;
					};
					3C5EC655226555CC0058FE19 = {
						CreatedOnToolsVersion = 10.0;
						TestTargetID = 3C5EC63E226555CA0058FE19;
					};
					3C5EC660226555CC0058FE19 = {
						CreatedOnToolsVersion = 10.0;
						TestTargetID = 3C5EC63E226555CA0058FE19;
					};
				};
			};
			buildConfigurationList = 3C5EC63A226555CA0058FE19 /* Build configuration list for PBXProject "Tarea_Angoma" */;
			compatibilityVersion = "Xcode 9.3";
			developmentRegion = en;
			hasScannedForEncodings = 0;
			knownRegions = (
				en,
				Base,
			);
			mainGroup = 3C5EC636226555CA0058FE19;
			productRefGroup = 3C5EC640226555CA0058FE19 /* Products */;
			projectDirPath = "";
			projectRoot = "";
			targets = (
				3C5EC63E226555CA0058FE19 /* Tarea_Angoma */,
				3C5EC655226555CC0058FE19 /* Tarea_AngomaTests */,
				3C5EC660226555CC0058FE19 /* Tarea_AngomaUITests */,
			);
		};
/* End PBXProject section */

/* Begin PBXResourcesBuildPhase section */
		3C5EC63D226555CA0058FE19 /* Resources */ = {
			isa = PBXResourcesBuildPhase;
			buildActionMask = 2147483647;
			files = (
				3C5EC650226555CC0058FE19 /* LaunchScreen.storyboard in Resources */,
				3C5EC64D226555CC0058FE19 /* Assets.xcassets in Resources */,
				3C5EC648226555CA0058FE19 /* Main.storyboard in Resources */,
			);
			runOnlyForDeploymentPostprocessing = 0;
		};
		3C5EC654226555CC0058FE19 /* Resources */ = {
			isa = PBXResourcesBuildPhase;
			buildActionMask = 2147483647;
			files = (
			);
			runOnlyForDeploymentPostprocessing = 0;
		};
		3C5EC65F226555CC0058FE19 /* Resources */ = {
			isa = PBXResourcesBuildPhase;
			buildActionMask = 2147483647;
			files = (
			);
			runOnlyForDeploymentPostprocessing = 0;
		};
/* End PBXResourcesBuildPhase section */

/* Begin PBXSourcesBuildPhase section */
		3C5EC63B226555CA0058FE19 /* Sources */ = {
			isa = PBXSourcesBuildPhase;
			buildActionMask = 2147483647;
			files = (
				3C5EC645226555CA0058FE19 /* ViewController.swift in Sources */,
				3C5EC643226555CA0058FE19 /* AppDelegate.swift in Sources */,
				3CC864642267880E002E9953 /* CrearCursoViewController.swift in Sources */,
				3C5EC64B226555CA0058FE19 /* Tarea_Angoma.xcdatamodeld in Sources */,
				3C217A9C226E8D8D00F5425B /* CursoCompletadaViewController.swift in Sources */,
			);
			runOnlyForDeploymentPostprocessing = 0;
		};
		3C5EC652226555CC0058FE19 /* Sources */ = {
			isa = PBXSourcesBuildPhase;
			buildActionMask = 2147483647;
			files = (
				3C5EC65B226555CC0058FE19 /* Tarea_AngomaTests.swift in Sources */,
			);
			runOnlyForDeploymentPostprocessing = 0;
		};
		3C5EC65D226555CC0058FE19 /* Sources */ = {
			isa = PBXSourcesBuildPhase;
			buildActionMask = 2147483647;
			files = (
				3C5EC666226555CC0058FE19 /* Tarea_AngomaUITests.swift in Sources */,
			);
			runOnlyForDeploymentPostprocessing = 0;
		};
/* End PBXSourcesBuildPhase section */

/* Begin PBXTargetDependency section */
		3C5EC658226555CC0058FE19 /* PBXTargetDependency */ = {
			isa = PBXTargetDependency;
			target = 3C5EC63E226555CA0058FE19 /* Tarea_Angoma */;
			targetProxy = 3C5EC657226555CC0058FE19 /* PBXContainerItemProxy */;
		};
		3C5EC663226555CC0058FE19 /* PBXTargetDependency */ = {
			isa = PBXTargetDependency;
			target = 3C5EC63E226555CA0058FE19 /* Tarea_Angoma */;
			targetProxy = 3C5EC662226555CC0058FE19 /* PBXContainerItemProxy */;
		};
/* End PBXTargetDependency section */

/* Begin PBXVariantGroup section */
		3C5EC646226555CA0058FE19 /* Main.storyboard */ = {
			isa = PBXVariantGroup;
			children = (
				3C5EC647226555CA0058FE19 /* Base */,
			);
			name = Main.storyboard;
			sourceTree = "<group>";
		};
		3C5EC64E226555CC0058FE19 /* LaunchScreen.storyboard */ = {
			isa = PBXVariantGroup;
			children = (
				3C5EC64F226555CC0058FE19 /* Base */,
			);
			name = LaunchScreen.storyboard;
			sourceTree = "<group>";
		};
/* End PBXVariantGroup section */

/* Begin XCBuildConfiguration section */
		3C5EC668226555CC0058FE19 /* Debug */ = {
			isa = XCBuildConfiguration;
			buildSettings = {
				ALWAYS_SEARCH_USER_PATHS = NO;
				CLANG_ANALYZER_NONNULL = YES;
				CLANG_ANALYZER_NUMBER_OBJECT_CONVERSION = YES_AGGRESSIVE;
				CLANG_CXX_LANGUAGE_STANDARD = "gnu++14";
				CLANG_CXX_LIBRARY = "libc++";
				CLANG_ENABLE_MODULES = YES;
				CLANG_ENABLE_OBJC_ARC = YES;
				CLANG_ENABLE_OBJC_WEAK = YES;
				CLANG_WARN_BLOCK_CAPTURE_AUTORELEASING = YES;
				CLANG_WARN_BOOL_CONVERSION = YES;
				CLANG_WARN_COMMA = YES;
				CLANG_WARN_CONSTANT_CONVERSION = YES;
				CLANG_WARN_DEPRECATED_OBJC_IMPLEMENTATIONS = YES;
				CLANG_WARN_DIRECT_OBJC_ISA_USAGE = YES_ERROR;
				CLANG_WARN_DOCUMENTATION_COMMENTS = YES;
				CLANG_WARN_EMPTY_BODY = YES;
				CLANG_WARN_ENUM_CONVERSION = YES;
				CLANG_WARN_INFINITE_RECURSION = YES;
				CLANG_WARN_INT_CONVERSION = YES;
				CLANG_WARN_NON_LITERAL_NULL_CONVERSION = YES;
				CLANG_WARN_OBJC_IMPLICIT_RETAIN_SELF = YES;
				CLANG_WARN_OBJC_LITERAL_CONVERSION = YES;
				CLANG_WARN_OBJC_ROOT_CLASS = YES_ERROR;
				CLANG_WARN_RANGE_LOOP_ANALYSIS = YES;
				CLANG_WARN_STRICT_PROTOTYPES = YES;
				CLANG_WARN_SUSPICIOUS_MOVE = YES;
				CLANG_WARN_UNGUARDED_AVAILABILITY = YES_AGGRESSIVE;
				CLANG_WARN_UNREACHABLE_CODE = YES;
				CLANG_WARN__DUPLICATE_METHOD_MATCH = YES;
				CODE_SIGN_IDENTITY = "iPhone Developer";
				COPY_PHASE_STRIP = NO;
				DEBUG_INFORMATION_FORMAT = dwarf;
				ENABLE_STRICT_OBJC_MSGSEND = YES;
				ENABLE_TESTABILITY = YES;
				GCC_C_LANGUAGE_STANDARD = gnu11;
				GCC_DYNAMIC_NO_PIC = NO;
				GCC_NO_COMMON_BLOCKS = YES;
				GCC_OPTIMIZATION_LEVEL = 0;
				GCC_PREPROCESSOR_DEFINITIONS = (
					"DEBUG=1",
					"$(inherited)",
				);
				GCC_WARN_64_TO_32_BIT_CONVERSION = YES;
				GCC_WARN_ABOUT_RETURN_TYPE = YES_ERROR;
				GCC_WARN_UNDECLARED_SELECTOR = YES;
				GCC_WARN_UNINITIALIZED_AUTOS = YES_AGGRESSIVE;
				GCC_WARN_UNUSED_FUNCTION = YES;
				GCC_WARN_UNUSED_VARIABLE = YES;
				IPHONEOS_DEPLOYMENT_TARGET = 12.0;
				MTL_ENABLE_DEBUG_INFO = INCLUDE_SOURCE;
				MTL_FAST_MATH = YES;
				ONLY_ACTIVE_ARCH = YES;
				SDKROOT = iphoneos;
				SWIFT_ACTIVE_COMPILATION_CONDITIONS = DEBUG;
				SWIFT_OPTIMIZATION_LEVEL = "-Onone";
			};
			name = Debug;
		};
		3C5EC669226555CC0058FE19 /* Release */ = {
			isa = XCBuildConfiguration;
			buildSettings = {
				ALWAYS_SEARCH_USER_PATHS = NO;
				CLANG_ANALYZER_NONNULL = YES;
				CLANG_ANALYZER_NUMBER_OBJECT_CONVERSION = YES_AGGRESSIVE;
				CLANG_CXX_LANGUAGE_STANDARD = "gnu++14";
				CLANG_CXX_LIBRARY = "libc++";
				CLANG_ENABLE_MODULES = YES;
				CLANG_ENABLE_OBJC_ARC = YES;
				CLANG_ENABLE_OBJC_WEAK = YES;
				CLANG_WARN_BLOCK_CAPTURE_AUTORELEASING = YES;
				CLANG_WARN_BOOL_CONVERSION = YES;
				CLANG_WARN_COMMA = YES;
				CLANG_WARN_CONSTANT_CONVERSION = YES;
				CLANG_WARN_DEPRECATED_OBJC_IMPLEMENTATIONS = YES;
				CLANG_WARN_DIRECT_OBJC_ISA_USAGE = YES_ERROR;
				CLANG_WARN_DOCUMENTATION_COMMENTS = YES;
				CLANG_WARN_EMPTY_BODY = YES;
				CLANG_WARN_ENUM_CONVERSION = YES;
				CLANG_WARN_INFINITE_RECURSION = YES;
				CLANG_WARN_INT_CONVERSION = YES;
				CLANG_WARN_NON_LITERAL_NULL_CONVERSION = YES;
				CLANG_WARN_OBJC_IMPLICIT_RETAIN_SELF = YES;
				CLANG_WARN_OBJC_LITERAL_CONVERSION = YES;
				CLANG_WARN_OBJC_ROOT_CLASS = YES_ERROR;
				CLANG_WARN_RANGE_LOOP_ANALYSIS = YES;
				CLANG_WARN_STRICT_PROTOTYPES = YES;
				CLANG_WARN_SUSPICIOUS_MOVE = YES;
				CLANG_WARN_UNGUARDED_AVAILABILITY = YES_AGGRESSIVE;
				CLANG_WARN_UNREACHABLE_CODE = YES;
				CLANG_WARN__DUPLICATE_METHOD_MATCH = YES;
				CODE_SIGN_IDENTITY = "iPhone Developer";
				COPY_PHASE_STRIP = NO;
				DEBUG_INFORMATION_FORMAT = "dwarf-with-dsym";
				ENABLE_NS_ASSERTIONS = NO;
				ENABLE_STRICT_OBJC_MSGSEND = YES;
				GCC_C_LANGUAGE_STANDARD = gnu11;
				GCC_NO_COMMON_BLOCKS = YES;
				GCC_WARN_64_TO_32_BIT_CONVERSION = YES;
				GCC_WARN_ABOUT_RETURN_TYPE = YES_ERROR;
				GCC_WARN_UNDECLARED_SELECTOR = YES;
				GCC_WARN_UNINITIALIZED_AUTOS = YES_AGGRESSIVE;
				GCC_WARN_UNUSED_FUNCTION = YES;
				GCC_WARN_UNUSED_VARIABLE = YES;
				IPHONEOS_DEPLOYMENT_TARGET = 12.0;
				MTL_ENABLE_DEBUG_INFO = NO;
				MTL_FAST_MATH = YES;
				SDKROOT = iphoneos;
				SWIFT_COMPILATION_MODE = wholemodule;
				SWIFT_OPTIMIZATION_LEVEL = "-O";
				VALIDATE_PRODUCT = YES;
			};
			name = Release;
		};
		3C5EC66B226555CC0058FE19 /* Debug */ = {
			isa = XCBuildConfiguration;
			buildSettings = {
				ASSETCATALOG_COMPILER_APPICON_NAME = AppIcon;
				CODE_SIGN_STYLE = Automatic;
				DEVELOPMENT_TEAM = T6AN294C8Z;
				INFOPLIST_FILE = Tarea_Angoma/Info.plist;
				LD_RUNPATH_SEARCH_PATHS = (
					"$(inherited)",
					"@executable_path/Frameworks",
				);
				PRODUCT_BUNDLE_IDENTIFIER = "com.angomaVilchez.Tarea-Angoma";
				PRODUCT_NAME = "$(TARGET_NAME)";
				SWIFT_VERSION = 4.2;
				TARGETED_DEVICE_FAMILY = "1,2";
			};
			name = Debug;
		};
		3C5EC66C226555CC0058FE19 /* Release */ = {
			isa = XCBuildConfiguration;
			buildSettings = {
				ASSETCATALOG_COMPILER_APPICON_NAME = AppIcon;
				CODE_SIGN_STYLE = Automatic;
				DEVELOPMENT_TEAM = T6AN294C8Z;
				INFOPLIST_FILE = Tarea_Angoma/Info.plist;
				LD_RUNPATH_SEARCH_PATHS = (
					"$(inherited)",
					"@executable_path/Frameworks",
				);
				PRODUCT_BUNDLE_IDENTIFIER = "com.angomaVilchez.Tarea-Angoma";
				PRODUCT_NAME = "$(TARGET_NAME)";
				SWIFT_VERSION = 4.2;
				TARGETED_DEVICE_FAMILY = "1,2";
			};
			name = Release;
		};
		3C5EC66E226555CC0058FE19 /* Debug */ = {
			isa = XCBuildConfiguration;
			buildSettings = {
				ALWAYS_EMBED_SWIFT_STANDARD_LIBRARIES = YES;
				BUNDLE_LOADER = "$(TEST_HOST)";
				CODE_SIGN_STYLE = Automatic;
				INFOPLIST_FILE = Tarea_AngomaTests/Info.plist;
				LD_RUNPATH_SEARCH_PATHS = (
					"$(inherited)",
					"@executable_path/Frameworks",
					"@loader_path/Frameworks",
				);
				PRODUCT_BUNDLE_IDENTIFIER = "com.angomaVilchez.Tarea-AngomaTests";
				PRODUCT_NAME = "$(TARGET_NAME)";
				SWIFT_VERSION = 4.2;
				TARGETED_DEVICE_FAMILY = "1,2";
				TEST_HOST = "$(BUILT_PRODUCTS_DIR)/Tarea_Angoma.app/Tarea_Angoma";
			};
			name = Debug;
		};
		3C5EC66F226555CC0058FE19 /* Release */ = {
			isa = XCBuildConfiguration;
			buildSettings = {
				ALWAYS_EMBED_SWIFT_STANDARD_LIBRARIES = YES;
				BUNDLE_LOADER = "$(TEST_HOST)";
				CODE_SIGN_STYLE = Automatic;
				INFOPLIST_FILE = Tarea_AngomaTests/Info.plist;
				LD_RUNPATH_SEARCH_PATHS = (
					"$(inherited)",
					"@executable_path/Frameworks",
					"@loader_path/Frameworks",
				);
				PRODUCT_BUNDLE_IDENTIFIER = "com.angomaVilchez.Tarea-AngomaTests";
				PRODUCT_NAME = "$(TARGET_NAME)";
				SWIFT_VERSION = 4.2;
				TARGETED_DEVICE_FAMILY = "1,2";
				TEST_HOST = "$(BUILT_PRODUCTS_DIR)/Tarea_Angoma.app/Tarea_Angoma";
			};
			name = Release;
		};
		3C5EC671226555CC0058FE19 /* Debug */ = {
			isa = XCBuildConfiguration;
			buildSettings = {
				ALWAYS_EMBED_SWIFT_STANDARD_LIBRARIES = YES;
				CODE_SIGN_STYLE = Automatic;
				INFOPLIST_FILE = Tarea_AngomaUITests/Info.plist;
				LD_RUNPATH_SEARCH_PATHS = (
					"$(inherited)",
					"@executable_path/Frameworks",
					"@loader_path/Frameworks",
				);
				PRODUCT_BUNDLE_IDENTIFIER = "com.angomaVilchez.Tarea-AngomaUITests";
				PRODUCT_NAME = "$(TARGET_NAME)";
				SWIFT_VERSION = 4.2;
				TARGETED_DEVICE_FAMILY = "1,2";
				TEST_TARGET_NAME = Tarea_Angoma;
			};
			name = Debug;
		};
		3C5EC672226555CC0058FE19 /* Release */ = {
			isa = XCBuildConfiguration;
			buildSettings = {
				ALWAYS_EMBED_SWIFT_STANDARD_LIBRARIES = YES;
				CODE_SIGN_STYLE = Automatic;
				INFOPLIST_FILE = Tarea_AngomaUITests/Info.plist;
				LD_RUNPATH_SEARCH_PATHS = (
					"$(inherited)",
					"@executable_path/Frameworks",
					"@loader_path/Frameworks",
				);
				PRODUCT_BUNDLE_IDENTIFIER = "com.angomaVilchez.Tarea-AngomaUITests";
				PRODUCT_NAME = "$(TARGET_NAME)";
				SWIFT_VERSION = 4.2;
				TARGETED_DEVICE_FAMILY = "1,2";
				TEST_TARGET_NAME = Tarea_Angoma;
			};
			name = Release;
		};
/* End XCBuildConfiguration section */

/* Begin XCConfigurationList section */
		3C5EC63A226555CA0058FE19 /* Build configuration list for PBXProject "Tarea_Angoma" */ = {
			isa = XCConfigurationList;
			buildConfigurations = (
				3C5EC668226555CC0058FE19 /* Debug */,
				3C5EC669226555CC0058FE19 /* Release */,
			);
			defaultConfigurationIsVisible = 0;
			defaultConfigurationName = Release;
		};
		3C5EC66A226555CC0058FE19 /* Build configuration list for PBXNativeTarget "Tarea_Angoma" */ = {
			isa = XCConfigurationList;
			buildConfigurations = (
				3C5EC66B226555CC0058FE19 /* Debug */,
				3C5EC66C226555CC0058FE19 /* Release */,
			);
			defaultConfigurationIsVisible = 0;
			defaultConfigurationName = Release;
		};
		3C5EC66D226555CC0058FE19 /* Build configuration list for PBXNativeTarget "Tarea_AngomaTests" */ = {
			isa = XCConfigurationList;
			buildConfigurations = (
				3C5EC66E226555CC0058FE19 /* Debug */,
				3C5EC66F226555CC0058FE19 /* Release */,
			);
			defaultConfigurationIsVisible = 0;
			defaultConfigurationName = Release;
		};
		3C5EC670226555CC0058FE19 /* Build configuration list for PBXNativeTarget "Tarea_AngomaUITests" */ = {
			isa = XCConfigurationList;
			buildConfigurations = (
				3C5EC671226555CC0058FE19 /* Debug */,
				3C5EC672226555CC0058FE19 /* Release */,
			);
			defaultConfigurationIsVisible = 0;
			defaultConfigurationName = Release;
		};
/* End XCConfigurationList section */

/* Begin XCVersionGroup section */
		3C5EC649226555CA0058FE19 /* Tarea_Angoma.xcdatamodeld */ = {
			isa = XCVersionGroup;
			children = (
				3C5EC64A226555CA0058FE19 /* Tarea_Angoma.xcdatamodel */,
			);
			currentVersion = 3C5EC64A226555CA0058FE19 /* Tarea_Angoma.xcdatamodel */;
			path = Tarea_Angoma.xcdatamodeld;
			sourceTree = "<group>";
			versionGroupType = wrapper.xcdatamodel;
		};
/* End XCVersionGroup section */
	};
	rootObject = 3C5EC637226555CA0058FE19 /* Project object */;
}
